
Microsoft Visual Studio Solution File, Format Version 12.00
# Visual Studio Version 17
VisualStudioVersion = 17.14.36705.20
MinimumVisualStudioVersion = 10.0.40219.1
Project("{FAE04EC0-301F-11D3-BF4B-00C04F79EFBC}") = "Beasts", "Beasts\Beasts.csproj", "{0DCD9093-9649-499E-B58C-CC2CAD808C78}"
EndProject
Global
	GlobalSection(SolutionConfigurationPlatforms) = preSolution
		Debug|Any CPU = Debug|Any CPU
		Debug|x64 = Debug|x64
		Release|Any CPU = Release|Any CPU
		Release|x64 = Release|x64
	EndGlobalSection
	GlobalSection(ProjectConfigurationPlatforms) = postSolution
		{0DCD9093-9649-499E-B58C-CC2CAD808C78}.Debug|Any CPU.ActiveCfg = Release|x64
		{0DCD9093-9649-499E-B58C-CC2CAD808C78}.Debug|Any CPU.Build.0 = Release|x64
		{0DCD9093-9649-499E-B58C-CC2CAD808C78}.Debug|x64.ActiveCfg = Release|x64
		{0DCD9093-9649-499E-B58C-CC2CAD808C78}.Debug|x64.Build.0 = Release|x64
		{0DCD9093-9649-499E-B58C-CC2CAD808C78}.Release|Any CPU.ActiveCfg = Release|Any CPU
		{0DCD9093-9649-499E-B58C-CC2CAD808C78}.Release|Any CPU.Build.0 = Release|Any CPU
		{0DCD9093-9649-499E-B58C-CC2CAD808C78}.Release|x64.ActiveCfg = Release|x64
		{0DCD9093-9649-499E-B58C-CC2CAD808C78}.Release|x64.Build.0 = Release|x64
	EndGlobalSection
	GlobalSection(SolutionProperties) = preSolution
		HideSolutionNode = FALSE
	EndGlobalSection
	GlobalSection(ExtensibilityGlobals) = postSolution
		SolutionGuid = {BD037B39-BEB3-4545-96C4-4C50DC00B515}
	EndGlobalSection
EndGlobal
